
Microsoft Visual Studio Solution File, Format Version 12.00
# Visual Studio Version 16
VisualStudioVersion = 16.0.32413.511
MinimumVisualStudioVersion = 10.0.40219.1
Project("{FAE04EC0-301F-11D3-BF4B-00C04F79EFBC}") = "Tema2Ex5", "Tema2Ex5\Tema2Ex5.csproj", "{451001AF-EE6D-454D-BFE8-4B8F785F0C9D}"
EndProject
Global
	GlobalSection(SolutionConfigurationPlatforms) = preSolution
		Debug|Any CPU = Debug|Any CPU
		Release|Any CPU = Release|Any CPU
	EndGlobalSection
	GlobalSection(ProjectConfigurationPlatforms) = postSolution
		{451001AF-EE6D-454D-BFE8-4B8F785F0C9D}.Debug|Any CPU.ActiveCfg = Debug|Any CPU
		{451001AF-EE6D-454D-BFE8-4B8F785F0C9D}.Debug|Any CPU.Build.0 = Debug|Any CPU
		{451001AF-EE6D-454D-BFE8-4B8F785F0C9D}.Release|Any CPU.ActiveCfg = Release|Any CPU
		{451001AF-EE6D-454D-BFE8-4B8F785F0C9D}.Release|Any CPU.Build.0 = Release|Any CPU
	EndGlobalSection
	GlobalSection(SolutionProperties) = preSolution
		HideSolutionNode = FALSE
	EndGlobalSection
	GlobalSection(ExtensibilityGlobals) = postSolution
		SolutionGuid = {D6B75F26-B4B1-4250-8E23-81D8DBEAA824}
	EndGlobalSection
EndGlobal
